
Microsoft Visual Studio Solution File, Format Version 12.00
# Visual Studio Version 17
VisualStudioVersion = 17.1.32421.90
MinimumVisualStudioVersion = 10.0.40219.1
Project("{FAE04EC0-301F-11D3-BF4B-00C04F79EFBC}") = "Elaborazione dati CSV", "Elaborazione dati CSV\Elaborazione dati CSV.csproj", "{D407FAC3-5692-4273-86FC-464703B01BB5}"
EndProject
Global
	GlobalSection(SolutionConfigurationPlatforms) = preSolution
		Debug|Any CPU = Debug|Any CPU
		Release|Any CPU = Release|Any CPU
	EndGlobalSection
	GlobalSection(ProjectConfigurationPlatforms) = postSolution
		{D407FAC3-5692-4273-86FC-464703B01BB5}.Debug|Any CPU.ActiveCfg = Debug|Any CPU
		{D407FAC3-5692-4273-86FC-464703B01BB5}.Debug|Any CPU.Build.0 = Debug|Any CPU
		{D407FAC3-5692-4273-86FC-464703B01BB5}.Release|Any CPU.ActiveCfg = Release|Any CPU
		{D407FAC3-5692-4273-86FC-464703B01BB5}.Release|Any CPU.Build.0 = Release|Any CPU
	EndGlobalSection
	GlobalSection(SolutionProperties) = preSolution
		HideSolutionNode = FALSE
	EndGlobalSection
	GlobalSection(ExtensibilityGlobals) = postSolution
		SolutionGuid = {42F6E7F1-C83A-456E-926F-E321274EB965}
	EndGlobalSection
EndGlobal
